
Microsoft Visual Studio Solution File, Format Version 12.00
# Visual Studio 15
VisualStudioVersion = 15.0.28307.572
MinimumVisualStudioVersion = 10.0.40219.1
Project("{FAE04EC0-301F-11D3-BF4B-00C04F79EFBC}") = "MathUtils", "MathUtils\MathUtils.csproj", "{42849422-7F39-4D36-B69E-CF96A0745777}"
EndProject
Project("{FAE04EC0-301F-11D3-BF4B-00C04F79EFBC}") = "MathUtils.Tests", "MathUtils.Tests\MathUtils.Tests.csproj", "{ACA7A4C0-E301-449E-838B-424001396A81}"
EndProject
Global
	GlobalSection(SolutionConfigurationPlatforms) = preSolution
		Debug|Any CPU = Debug|Any CPU
		Release|Any CPU = Release|Any CPU
	EndGlobalSection
	GlobalSection(ProjectConfigurationPlatforms) = postSolution
		{42849422-7F39-4D36-B69E-CF96A0745777}.Debug|Any CPU.ActiveCfg = Debug|Any CPU
		{42849422-7F39-4D36-B69E-CF96A0745777}.Debug|Any CPU.Build.0 = Debug|Any CPU
		{42849422-7F39-4D36-B69E-CF96A0745777}.Release|Any CPU.ActiveCfg = Release|Any CPU
		{42849422-7F39-4D36-B69E-CF96A0745777}.Release|Any CPU.Build.0 = Release|Any CPU
		{ACA7A4C0-E301-449E-838B-424001396A81}.Debug|Any CPU.ActiveCfg = Debug|Any CPU
		{ACA7A4C0-E301-449E-838B-424001396A81}.Debug|Any CPU.Build.0 = Debug|Any CPU
		{ACA7A4C0-E301-449E-838B-424001396A81}.Release|Any CPU.ActiveCfg = Release|Any CPU
		{ACA7A4C0-E301-449E-838B-424001396A81}.Release|Any CPU.Build.0 = Release|Any CPU
	EndGlobalSection
	GlobalSection(SolutionProperties) = preSolution
		HideSolutionNode = FALSE
	EndGlobalSection
	GlobalSection(ExtensibilityGlobals) = postSolution
		SolutionGuid = {568764EC-CABC-4C55-99D6-963C032FCAC3}
	EndGlobalSection
EndGlobal
